
Microsoft Visual Studio Solution File, Format Version 12.00
Project("{2150E333-8FDC-42A3-9474-1A3956D46DE8}") = "Core", "Core", "{FDFB491B-6335-4B7F-9E00-F53C0B62B461}"
EndProject
Project("{2150E333-8FDC-42A3-9474-1A3956D46DE8}") = "Infrastructure", "Infrastructure", "{08FAFA87-E227-467F-907F-25C34F6354B5}"
EndProject
Project("{2150E333-8FDC-42A3-9474-1A3956D46DE8}") = "UI", "UI", "{C7AA33A8-A36B-4A6C-95BE-BE9669826329}"
EndProject
Project("{FAE04EC0-301F-11D3-BF4B-00C04F79EFBC}") = "Birt.App", "Birt.App\Birt.App.csproj", "{9DCA50BD-44F1-4128-8FFB-20A9908A4D6C}"
EndProject
Global
	GlobalSection(SolutionConfigurationPlatforms) = preSolution
		Debug|Any CPU = Debug|Any CPU
		Release|Any CPU = Release|Any CPU
	EndGlobalSection
	GlobalSection(NestedProjects) = preSolution
		{9DCA50BD-44F1-4128-8FFB-20A9908A4D6C} = {C7AA33A8-A36B-4A6C-95BE-BE9669826329}
	EndGlobalSection
	GlobalSection(ProjectConfigurationPlatforms) = postSolution
		{9DCA50BD-44F1-4128-8FFB-20A9908A4D6C}.Debug|Any CPU.ActiveCfg = Debug|Any CPU
		{9DCA50BD-44F1-4128-8FFB-20A9908A4D6C}.Debug|Any CPU.Build.0 = Debug|Any CPU
		{9DCA50BD-44F1-4128-8FFB-20A9908A4D6C}.Release|Any CPU.ActiveCfg = Release|Any CPU
		{9DCA50BD-44F1-4128-8FFB-20A9908A4D6C}.Release|Any CPU.Build.0 = Release|Any CPU
	EndGlobalSection
EndGlobal
